
Microsoft Visual Studio Solution File, Format Version 12.00
# Visual Studio Version 17
VisualStudioVersion = 17.9.34622.214
MinimumVisualStudioVersion = 10.0.40219.1
Project("{FAE04EC0-301F-11D3-BF4B-00C04F79EFBC}") = "Dictionary", "Dictionary\Dictionary.csproj", "{0D945C56-FB73-4FE6-A843-C4B5D0617B87}"
EndProject
Global
	GlobalSection(SolutionConfigurationPlatforms) = preSolution
		Debug|Any CPU = Debug|Any CPU
		Release|Any CPU = Release|Any CPU
	EndGlobalSection
	GlobalSection(ProjectConfigurationPlatforms) = postSolution
		{0D945C56-FB73-4FE6-A843-C4B5D0617B87}.Debug|Any CPU.ActiveCfg = Debug|Any CPU
		{0D945C56-FB73-4FE6-A843-C4B5D0617B87}.Debug|Any CPU.Build.0 = Debug|Any CPU
		{0D945C56-FB73-4FE6-A843-C4B5D0617B87}.Release|Any CPU.ActiveCfg = Release|Any CPU
		{0D945C56-FB73-4FE6-A843-C4B5D0617B87}.Release|Any CPU.Build.0 = Release|Any CPU
	EndGlobalSection
	GlobalSection(SolutionProperties) = preSolution
		HideSolutionNode = FALSE
	EndGlobalSection
	GlobalSection(ExtensibilityGlobals) = postSolution
		SolutionGuid = {9669CF63-94A6-4F32-9235-D470C0ABAF3A}
	EndGlobalSection
EndGlobal
